// !$*UTF8*$!
{
	archiveVersion = 1;
	classes = {
	};
	objectVersion = 50;
	objects = {

/* Begin PBXBuildFile section */
		BA17F69C20D267A9008EDF09 /* style.json in Resources */ = {isa = PBXBuildFile; fileRef = BA17F69B20D267A9008EDF09 /* style.json */; };
		BA38D23920C59EE60011ECC3 /* PayViewController.swift in Sources */ = {isa = PBXBuildFile; fileRef = BA38D23820C59EE60011ECC3 /* PayViewController.swift */; };
		BA38D23B20C59F830011ECC3 /* forPaysViewCell.swift in Sources */ = {isa = PBXBuildFile; fileRef = BA38D23A20C59F830011ECC3 /* forPaysViewCell.swift */; };
		BA38D23D20C5B66A0011ECC3 /* paymentCell.swift in Sources */ = {isa = PBXBuildFile; fileRef = BA38D23C20C5B66A0011ECC3 /* paymentCell.swift */; };
		BA38D23F20C6CE650011ECC3 /* settingReusableView.swift in Sources */ = {isa = PBXBuildFile; fileRef = BA38D23E20C6CE650011ECC3 /* settingReusableView.swift */; };
		BA442D1221109F9D00ABC2E5 /* AuthViewController.swift in Sources */ = {isa = PBXBuildFile; fileRef = BA442D1121109F9D00ABC2E5 /* AuthViewController.swift */; };
		BA442D142110A00100ABC2E5 /* authView.swift in Sources */ = {isa = PBXBuildFile; fileRef = BA442D132110A00100ABC2E5 /* authView.swift */; };
		BA442D162110B25900ABC2E5 /* switcher.swift in Sources */ = {isa = PBXBuildFile; fileRef = BA442D152110B25900ABC2E5 /* switcher.swift */; };
		BA442D182111E15C00ABC2E5 /* classChats.swift in Sources */ = {isa = PBXBuildFile; fileRef = BA442D172111E15B00ABC2E5 /* classChats.swift */; };
		BA442D1A2111E3FF00ABC2E5 /* classMessages.swift in Sources */ = {isa = PBXBuildFile; fileRef = BA442D192111E3FF00ABC2E5 /* classMessages.swift */; };
		BA442D1C2111F5A900ABC2E5 /* offlineView.swift in Sources */ = {isa = PBXBuildFile; fileRef = BA442D1B2111F5A900ABC2E5 /* offlineView.swift */; };
		BA5A341C20D9561F001B6417 /* MapViewController.swift in Sources */ = {isa = PBXBuildFile; fileRef = BA5A341B20D9561F001B6417 /* MapViewController.swift */; };
		BA73451020C53A44003E28C8 /* DocViewController.swift in Sources */ = {isa = PBXBuildFile; fileRef = BA73450F20C53A44003E28C8 /* DocViewController.swift */; };
		BA73451220C53AE4003E28C8 /* docViewCell.swift in Sources */ = {isa = PBXBuildFile; fileRef = BA73451120C53AE4003E28C8 /* docViewCell.swift */; };
		BA73451620C56561003E28C8 /* payViewCell.swift in Sources */ = {isa = PBXBuildFile; fileRef = BA73451520C56561003E28C8 /* payViewCell.swift */; };
		BA75BBE820DAC0A6006B03C6 /* NavigationViewController.swift in Sources */ = {isa = PBXBuildFile; fileRef = BA75BBE720DAC0A6006B03C6 /* NavigationViewController.swift */; };
		BA9897FC20CC0B4B002458FD /* FullPayViewController.swift in Sources */ = {isa = PBXBuildFile; fileRef = BA9897FB20CC0B4B002458FD /* FullPayViewController.swift */; };
		BAA7D01720BD94BA00AFEA47 /* AppDelegate.swift in Sources */ = {isa = PBXBuildFile; fileRef = BAA7D01620BD94BA00AFEA47 /* AppDelegate.swift */; };
		BAA7D01C20BD94BA00AFEA47 /* Main.storyboard in Resources */ = {isa = PBXBuildFile; fileRef = BAA7D01A20BD94BA00AFEA47 /* Main.storyboard */; };
		BAA7D01E20BD94D200AFEA47 /* Assets.xcassets in Resources */ = {isa = PBXBuildFile; fileRef = BAA7D01D20BD94D200AFEA47 /* Assets.xcassets */; };
		BAA7D02120BD94D200AFEA47 /* LaunchScreen.storyboard in Resources */ = {isa = PBXBuildFile; fileRef = BAA7D01F20BD94D200AFEA47 /* LaunchScreen.storyboard */; };
		BAA7D02920BD956600AFEA47 /* classPayments.swift in Sources */ = {isa = PBXBuildFile; fileRef = BAA7D02820BD956600AFEA47 /* classPayments.swift */; };
		BAA7D02B20BD96F700AFEA47 /* classDocuments.swift in Sources */ = {isa = PBXBuildFile; fileRef = BAA7D02A20BD96F700AFEA47 /* classDocuments.swift */; };
		BAA7D02D20BD9A0E00AFEA47 /* InitialViewController.swift in Sources */ = {isa = PBXBuildFile; fileRef = BAA7D02C20BD9A0E00AFEA47 /* InitialViewController.swift */; };
		BAA7D03120BD9D9700AFEA47 /* viewDocument.swift in Sources */ = {isa = PBXBuildFile; fileRef = BAA7D03020BD9D9700AFEA47 /* viewDocument.swift */; };
		BAA7D03320BD9DC300AFEA47 /* BALabel.swift in Sources */ = {isa = PBXBuildFile; fileRef = BAA7D03220BD9DC300AFEA47 /* BALabel.swift */; };
		BAA7D03520BDA14100AFEA47 /* viewPayment.swift in Sources */ = {isa = PBXBuildFile; fileRef = BAA7D03420BDA14100AFEA47 /* viewPayment.swift */; };
		BAA7D03720BEB5D500AFEA47 /* taskManager.swift in Sources */ = {isa = PBXBuildFile; fileRef = BAA7D03620BEB5D500AFEA47 /* taskManager.swift */; };
		BAA7D03920BEE66A00AFEA47 /* classRequest.swift in Sources */ = {isa = PBXBuildFile; fileRef = BAA7D03820BEE66A00AFEA47 /* classRequest.swift */; };
		BACA2FFC20C82B4900BA6C90 /* SupportViewController.swift in Sources */ = {isa = PBXBuildFile; fileRef = BACA2FFB20C82B4900BA6C90 /* SupportViewController.swift */; };
		BACA2FFE20C82C0D00BA6C90 /* chatViewCell.swift in Sources */ = {isa = PBXBuildFile; fileRef = BACA2FFD20C82C0D00BA6C90 /* chatViewCell.swift */; };
		BACA300020C82C2C00BA6C90 /* chatReusableView.swift in Sources */ = {isa = PBXBuildFile; fileRef = BACA2FFF20C82C2C00BA6C90 /* chatReusableView.swift */; };
		BACA300220C840DD00BA6C90 /* MessageViewController.swift in Sources */ = {isa = PBXBuildFile; fileRef = BACA300120C840DC00BA6C90 /* MessageViewController.swift */; };
		BACA300420C96C9800BA6C90 /* messageView.swift in Sources */ = {isa = PBXBuildFile; fileRef = BACA300320C96C9800BA6C90 /* messageView.swift */; };
		BACA300620C97C9700BA6C90 /* buttonView.swift in Sources */ = {isa = PBXBuildFile; fileRef = BACA300520C97C9700BA6C90 /* buttonView.swift */; };
		BACA300820C983E400BA6C90 /* TabBarController.swift in Sources */ = {isa = PBXBuildFile; fileRef = BACA300720C983E400BA6C90 /* TabBarController.swift */; };
		BACA300A20C989DE00BA6C90 /* docInChatViewCell.swift in Sources */ = {isa = PBXBuildFile; fileRef = BACA300920C989DE00BA6C90 /* docInChatViewCell.swift */; };
		BACA300C20C98F4000BA6C90 /* collection.swift in Sources */ = {isa = PBXBuildFile; fileRef = BACA300B20C98F4000BA6C90 /* collection.swift */; };
		FD669EE1175C5CF1B10549B3 /* Pods_MIO_LK.framework in Frameworks */ = {isa = PBXBuildFile; fileRef = A6F9D8BB6A283E95649A9E23 /* Pods_MIO_LK.framework */; };
/* End PBXBuildFile section */

/* Begin PBXFileReference section */
		75DBCCD35962EDEAEB19D1CD /* Pods-MIO LK.release.xcconfig */ = {isa = PBXFileReference; includeInIndex = 1; lastKnownFileType = text.xcconfig; name = "Pods-MIO LK.release.xcconfig"; path = "Pods/Target Support Files/Pods-MIO LK/Pods-MIO LK.release.xcconfig"; sourceTree = "<group>"; };
		A6F9D8BB6A283E95649A9E23 /* Pods_MIO_LK.framework */ = {isa = PBXFileReference; explicitFileType = wrapper.framework; includeInIndex = 0; path = Pods_MIO_LK.framework; sourceTree = BUILT_PRODUCTS_DIR; };
		BA17F69B20D267A9008EDF09 /* style.json */ = {isa = PBXFileReference; lastKnownFileType = text.json; path = style.json; sourceTree = "<group>"; };
		BA38D23820C59EE60011ECC3 /* PayViewController.swift */ = {isa = PBXFileReference; lastKnownFileType = sourcecode.swift; path = PayViewController.swift; sourceTree = "<group>"; };
		BA38D23A20C59F830011ECC3 /* forPaysViewCell.swift */ = {isa = PBXFileReference; lastKnownFileType = sourcecode.swift; path = forPaysViewCell.swift; sourceTree = "<group>"; };
		BA38D23C20C5B66A0011ECC3 /* paymentCell.swift */ = {isa = PBXFileReference; lastKnownFileType = sourcecode.swift; path = paymentCell.swift; sourceTree = "<group>"; };
		BA38D23E20C6CE650011ECC3 /* settingReusableView.swift */ = {isa = PBXFileReference; lastKnownFileType = sourcecode.swift; path = settingReusableView.swift; sourceTree = "<group>"; };
		BA442D1121109F9D00ABC2E5 /* AuthViewController.swift */ = {isa = PBXFileReference; lastKnownFileType = sourcecode.swift; path = AuthViewController.swift; sourceTree = "<group>"; };
		BA442D132110A00100ABC2E5 /* authView.swift */ = {isa = PBXFileReference; lastKnownFileType = sourcecode.swift; path = authView.swift; sourceTree = "<group>"; };
		BA442D152110B25900ABC2E5 /* switcher.swift */ = {isa = PBXFileReference; lastKnownFileType = sourcecode.swift; path = switcher.swift; sourceTree = "<group>"; };
		BA442D172111E15B00ABC2E5 /* classChats.swift */ = {isa = PBXFileReference; lastKnownFileType = sourcecode.swift; path = classChats.swift; sourceTree = "<group>"; };
		BA442D192111E3FF00ABC2E5 /* classMessages.swift */ = {isa = PBXFileReference; lastKnownFileType = sourcecode.swift; path = classMessages.swift; sourceTree = "<group>"; };
		BA442D1B2111F5A900ABC2E5 /* offlineView.swift */ = {isa = PBXFileReference; lastKnownFileType = sourcecode.swift; name = offlineView.swift; path = "MIO LK/views/offlineView.swift"; sourceTree = SOURCE_ROOT; };
		BA5A341B20D9561F001B6417 /* MapViewController.swift */ = {isa = PBXFileReference; lastKnownFileType = sourcecode.swift; path = MapViewController.swift; sourceTree = "<group>"; };
		BA73450F20C53A44003E28C8 /* DocViewController.swift */ = {isa = PBXFileReference; lastKnownFileType = sourcecode.swift; path = DocViewController.swift; sourceTree = "<group>"; };
		BA73451120C53AE4003E28C8 /* docViewCell.swift */ = {isa = PBXFileReference; lastKnownFileType = sourcecode.swift; path = docViewCell.swift; sourceTree = "<group>"; };
		BA73451520C56561003E28C8 /* payViewCell.swift */ = {isa = PBXFileReference; lastKnownFileType = sourcecode.swift; path = payViewCell.swift; sourceTree = "<group>"; };
		BA75BBE720DAC0A6006B03C6 /* NavigationViewController.swift */ = {isa = PBXFileReference; lastKnownFileType = sourcecode.swift; path = NavigationViewController.swift; sourceTree = "<group>"; };
		BA9897FB20CC0B4B002458FD /* FullPayViewController.swift */ = {isa = PBXFileReference; lastKnownFileType = sourcecode.swift; path = FullPayViewController.swift; sourceTree = "<group>"; };
		BAA7D01320BD94BA00AFEA47 /* MIO LK.app */ = {isa = PBXFileReference; explicitFileType = wrapper.application; includeInIndex = 0; path = "MIO LK.app"; sourceTree = BUILT_PRODUCTS_DIR; };
		BAA7D01620BD94BA00AFEA47 /* AppDelegate.swift */ = {isa = PBXFileReference; lastKnownFileType = sourcecode.swift; path = AppDelegate.swift; sourceTree = "<group>"; };
		BAA7D01B20BD94BA00AFEA47 /* Base */ = {isa = PBXFileReference; lastKnownFileType = file.storyboard; name = Base; path = Base.lproj/Main.storyboard; sourceTree = "<group>"; };
		BAA7D01D20BD94D200AFEA47 /* Assets.xcassets */ = {isa = PBXFileReference; lastKnownFileType = folder.assetcatalog; path = Assets.xcassets; sourceTree = "<group>"; };
		BAA7D02020BD94D200AFEA47 /* Base */ = {isa = PBXFileReference; lastKnownFileType = file.storyboard; name = Base; path = Base.lproj/LaunchScreen.storyboard; sourceTree = "<group>"; };
		BAA7D02220BD94D200AFEA47 /* Info.plist */ = {isa = PBXFileReference; lastKnownFileType = text.plist.xml; path = Info.plist; sourceTree = "<group>"; };
		BAA7D02820BD956600AFEA47 /* classPayments.swift */ = {isa = PBXFileReference; lastKnownFileType = sourcecode.swift; path = classPayments.swift; sourceTree = "<group>"; };
		BAA7D02A20BD96F700AFEA47 /* classDocuments.swift */ = {isa = PBXFileReference; lastKnownFileType = sourcecode.swift; path = classDocuments.swift; sourceTree = "<group>"; };
		BAA7D02C20BD9A0E00AFEA47 /* InitialViewController.swift */ = {isa = PBXFileReference; lastKnownFileType = sourcecode.swift; path = InitialViewController.swift; sourceTree = "<group>"; };
		BAA7D03020BD9D9700AFEA47 /* viewDocument.swift */ = {isa = PBXFileReference; lastKnownFileType = sourcecode.swift; path = viewDocument.swift; sourceTree = "<group>"; };
		BAA7D03220BD9DC300AFEA47 /* BALabel.swift */ = {isa = PBXFileReference; lastKnownFileType = sourcecode.swift; path = BALabel.swift; sourceTree = "<group>"; };
		BAA7D03420BDA14100AFEA47 /* viewPayment.swift */ = {isa = PBXFileReference; lastKnownFileType = sourcecode.swift; path = viewPayment.swift; sourceTree = "<group>"; };
		BAA7D03620BEB5D500AFEA47 /* taskManager.swift */ = {isa = PBXFileReference; lastKnownFileType = sourcecode.swift; path = taskManager.swift; sourceTree = "<group>"; };
		BAA7D03820BEE66A00AFEA47 /* classRequest.swift */ = {isa = PBXFileReference; lastKnownFileType = sourcecode.swift; path = classRequest.swift; sourceTree = "<group>"; };
		BACA2FFB20C82B4900BA6C90 /* SupportViewController.swift */ = {isa = PBXFileReference; lastKnownFileType = sourcecode.swift; path = SupportViewController.swift; sourceTree = "<group>"; };
		BACA2FFD20C82C0D00BA6C90 /* chatViewCell.swift */ = {isa = PBXFileReference; lastKnownFileType = sourcecode.swift; path = chatViewCell.swift; sourceTree = "<group>"; };
		BACA2FFF20C82C2C00BA6C90 /* chatReusableView.swift */ = {isa = PBXFileReference; lastKnownFileType = sourcecode.swift; path = chatReusableView.swift; sourceTree = "<group>"; };
		BACA300120C840DC00BA6C90 /* MessageViewController.swift */ = {isa = PBXFileReference; lastKnownFileType = sourcecode.swift; path = MessageViewController.swift; sourceTree = "<group>"; };
		BACA300320C96C9800BA6C90 /* messageView.swift */ = {isa = PBXFileReference; lastKnownFileType = sourcecode.swift; path = messageView.swift; sourceTree = "<group>"; };
		BACA300520C97C9700BA6C90 /* buttonView.swift */ = {isa = PBXFileReference; lastKnownFileType = sourcecode.swift; path = buttonView.swift; sourceTree = "<group>"; };
		BACA300720C983E400BA6C90 /* TabBarController.swift */ = {isa = PBXFileReference; lastKnownFileType = sourcecode.swift; path = TabBarController.swift; sourceTree = "<group>"; };
		BACA300920C989DE00BA6C90 /* docInChatViewCell.swift */ = {isa = PBXFileReference; lastKnownFileType = sourcecode.swift; path = docInChatViewCell.swift; sourceTree = "<group>"; };
		BACA300B20C98F4000BA6C90 /* collection.swift */ = {isa = PBXFileReference; lastKnownFileType = sourcecode.swift; path = collection.swift; sourceTree = "<group>"; };
		CE8697903662023FD0CC91D1 /* Pods-MIO LK.debug.xcconfig */ = {isa = PBXFileReference; includeInIndex = 1; lastKnownFileType = text.xcconfig; name = "Pods-MIO LK.debug.xcconfig"; path = "Pods/Target Support Files/Pods-MIO LK/Pods-MIO LK.debug.xcconfig"; sourceTree = "<group>"; };
/* End PBXFileReference section */

/* Begin PBXFrameworksBuildPhase section */
		BAA7D01020BD94BA00AFEA47 /* Frameworks */ = {
			isa = PBXFrameworksBuildPhase;
			buildActionMask = 2147483647;
			files = (
				FD669EE1175C5CF1B10549B3 /* Pods_MIO_LK.framework in Frameworks */,
			);
			runOnlyForDeploymentPostprocessing = 0;
		};
/* End PBXFrameworksBuildPhase section */

/* Begin PBXGroup section */
		0CFBF22CCAC6EA42EF2DAC5A /* Pods */ = {
			isa = PBXGroup;
			children = (
				CE8697903662023FD0CC91D1 /* Pods-MIO LK.debug.xcconfig */,
				75DBCCD35962EDEAEB19D1CD /* Pods-MIO LK.release.xcconfig */,
			);
			name = Pods;
			sourceTree = "<group>";
		};
		3116B899B2CE64876AD7D315 /* Frameworks */ = {
			isa = PBXGroup;
			children = (
				A6F9D8BB6A283E95649A9E23 /* Pods_MIO_LK.framework */,
			);
			name = Frameworks;
			sourceTree = "<group>";
		};
		BA38D24020C6F53E0011ECC3 /* PaymentScreen */ = {
			isa = PBXGroup;
			children = (
				BA38D23C20C5B66A0011ECC3 /* paymentCell.swift */,
				BA38D23A20C59F830011ECC3 /* forPaysViewCell.swift */,
				BA38D23820C59EE60011ECC3 /* PayViewController.swift */,
			);
			path = PaymentScreen;
			sourceTree = "<group>";
		};
		BA38D24120C6F5530011ECC3 /* ContractScreen */ = {
			isa = PBXGroup;
			children = (
				BA73451520C56561003E28C8 /* payViewCell.swift */,
				BA73451120C53AE4003E28C8 /* docViewCell.swift */,
				BA73450F20C53A44003E28C8 /* DocViewController.swift */,
				BA38D23E20C6CE650011ECC3 /* settingReusableView.swift */,
			);
			path = ContractScreen;
			sourceTree = "<group>";
		};
		BA75BBE620DAB16F006B03C6 /* MapScreen */ = {
			isa = PBXGroup;
			children = (
				BA5A341B20D9561F001B6417 /* MapViewController.swift */,
				BA17F69B20D267A9008EDF09 /* style.json */,
			);
			path = MapScreen;
			sourceTree = "<group>";
		};
		BA9897F920CB0597002458FD /* unused */ = {
			isa = PBXGroup;
			children = (
				BAA7D03020BD9D9700AFEA47 /* viewDocument.swift */,
				BAA7D03420BDA14100AFEA47 /* viewPayment.swift */,
			);
			path = unused;
			sourceTree = "<group>";
		};
		BA9897FA20CB05A6002458FD /* MessageScreen */ = {
			isa = PBXGroup;
			children = (
				BACA300120C840DC00BA6C90 /* MessageViewController.swift */,
				BACA300B20C98F4000BA6C90 /* collection.swift */,
				BACA300920C989DE00BA6C90 /* docInChatViewCell.swift */,
			);
			path = MessageScreen;
			sourceTree = "<group>";
		};
		BAA7D00A20BD94BA00AFEA47 = {
			isa = PBXGroup;
			children = (
				BAA7D01520BD94BA00AFEA47 /* MIO LK */,
				BAA7D01420BD94BA00AFEA47 /* Products */,
				0CFBF22CCAC6EA42EF2DAC5A /* Pods */,
				3116B899B2CE64876AD7D315 /* Frameworks */,
			);
			sourceTree = "<group>";
		};
		BAA7D01420BD94BA00AFEA47 /* Products */ = {
			isa = PBXGroup;
			children = (
				BAA7D01320BD94BA00AFEA47 /* MIO LK.app */,
			);
			name = Products;
			sourceTree = "<group>";
		};
		BAA7D01520BD94BA00AFEA47 /* MIO LK */ = {
			isa = PBXGroup;
			children = (
				BAA7D01620BD94BA00AFEA47 /* AppDelegate.swift */,
				BAA7D01A20BD94BA00AFEA47 /* Main.storyboard */,
				BA75BBE620DAB16F006B03C6 /* MapScreen */,
				BACA300D20CA86C900BA6C90 /* ChatScreen */,
				BA38D24020C6F53E0011ECC3 /* PaymentScreen */,
				BA38D24120C6F5530011ECC3 /* ContractScreen */,
				BAA7D03E20C05CE800AFEA47 /* controllers */,
				BAA7D03D20C05CD600AFEA47 /* views */,
				BAA7D03C20C05CB300AFEA47 /* class */,
				BAA7D01D20BD94D200AFEA47 /* Assets.xcassets */,
				BAA7D01F20BD94D200AFEA47 /* LaunchScreen.storyboard */,
				BAA7D02220BD94D200AFEA47 /* Info.plist */,
			);
			path = "MIO LK";
			sourceTree = "<group>";
		};
		BAA7D03C20C05CB300AFEA47 /* class */ = {
			isa = PBXGroup;
			children = (
				BAA7D03620BEB5D500AFEA47 /* taskManager.swift */,
				BA442D152110B25900ABC2E5 /* switcher.swift */,
				BAA7D03820BEE66A00AFEA47 /* classRequest.swift */,
				BAA7D02A20BD96F700AFEA47 /* classDocuments.swift */,
				BAA7D02820BD956600AFEA47 /* classPayments.swift */,
				BA442D172111E15B00ABC2E5 /* classChats.swift */,
				BA442D192111E3FF00ABC2E5 /* classMessages.swift */,
			);
			path = class;
			sourceTree = "<group>";
		};
		BAA7D03D20C05CD600AFEA47 /* views */ = {
			isa = PBXGroup;
			children = (
				BA9897F920CB0597002458FD /* unused */,
				BAA7D03220BD9DC300AFEA47 /* BALabel.swift */,
				BA442D1B2111F5A900ABC2E5 /* offlineView.swift */,
				BA442D132110A00100ABC2E5 /* authView.swift */,
				BACA300320C96C9800BA6C90 /* messageView.swift */,
				BACA300520C97C9700BA6C90 /* buttonView.swift */,
			);
			path = views;
			sourceTree = "<group>";
		};
		BAA7D03E20C05CE800AFEA47 /* controllers */ = {
			isa = PBXGroup;
			children = (
				BA442D1121109F9D00ABC2E5 /* AuthViewController.swift */,
				BAA7D02C20BD9A0E00AFEA47 /* InitialViewController.swift */,
				BACA300720C983E400BA6C90 /* TabBarController.swift */,
				BA75BBE720DAC0A6006B03C6 /* NavigationViewController.swift */,
				BA9897FB20CC0B4B002458FD /* FullPayViewController.swift */,
			);
			path = controllers;
			sourceTree = "<group>";
		};
		BACA300D20CA86C900BA6C90 /* ChatScreen */ = {
			isa = PBXGroup;
			children = (
				BACA2FFF20C82C2C00BA6C90 /* chatReusableView.swift */,
				BACA2FFD20C82C0D00BA6C90 /* chatViewCell.swift */,
				BACA2FFB20C82B4900BA6C90 /* SupportViewController.swift */,
				BA9897FA20CB05A6002458FD /* MessageScreen */,
			);
			path = ChatScreen;
			sourceTree = "<group>";
		};
/* End PBXGroup section */

/* Begin PBXNativeTarget section */
		BAA7D01220BD94BA00AFEA47 /* MIO LK */ = {
			isa = PBXNativeTarget;
			buildConfigurationList = BAA7D02520BD94D200AFEA47 /* Build configuration list for PBXNativeTarget "MIO LK" */;
			buildPhases = (
				26A5FE02C461B892D3AA36E7 /* [CP] Check Pods Manifest.lock */,
				BAA7D00F20BD94BA00AFEA47 /* Sources */,
				BAA7D01020BD94BA00AFEA47 /* Frameworks */,
				BAA7D01120BD94BA00AFEA47 /* Resources */,
				D0C58590439307315F9BB535 /* [CP] Copy Pods Resources */,
			);
			buildRules = (
			);
			dependencies = (
			);
			name = "MIO LK";
			productName = "MIO LK";
			productReference = BAA7D01320BD94BA00AFEA47 /* MIO LK.app */;
			productType = "com.apple.product-type.application";
		};
/* End PBXNativeTarget section */

/* Begin PBXProject section */
		BAA7D00B20BD94BA00AFEA47 /* Project object */ = {
			isa = PBXProject;
			attributes = {
				LastSwiftUpdateCheck = 0930;
				LastUpgradeCheck = 0930;
				ORGANIZATIONNAME = "Исматуллоев Бежан";
				TargetAttributes = {
					BAA7D01220BD94BA00AFEA47 = {
						CreatedOnToolsVersion = 9.3;
					};
				};
			};
			buildConfigurationList = BAA7D00E20BD94BA00AFEA47 /* Build configuration list for PBXProject "MIO LK" */;
			compatibilityVersion = "Xcode 9.3";
			developmentRegion = en;
			hasScannedForEncodings = 0;
			knownRegions = (
				en,
				Base,
			);
			mainGroup = BAA7D00A20BD94BA00AFEA47;
			productRefGroup = BAA7D01420BD94BA00AFEA47 /* Products */;
			projectDirPath = "";
			projectRoot = "";
			targets = (
				BAA7D01220BD94BA00AFEA47 /* MIO LK */,
			);
		};
/* End PBXProject section */

/* Begin PBXResourcesBuildPhase section */
		BAA7D01120BD94BA00AFEA47 /* Resources */ = {
			isa = PBXResourcesBuildPhase;
			buildActionMask = 2147483647;
			files = (
				BAA7D02120BD94D200AFEA47 /* LaunchScreen.storyboard in Resources */,
				BAA7D01E20BD94D200AFEA47 /* Assets.xcassets in Resources */,
				BAA7D01C20BD94BA00AFEA47 /* Main.storyboard in Resources */,
				BA17F69C20D267A9008EDF09 /* style.json in Resources */,
			);
			runOnlyForDeploymentPostprocessing = 0;
		};
/* End PBXResourcesBuildPhase section */

/* Begin PBXShellScriptBuildPhase section */
		26A5FE02C461B892D3AA36E7 /* [CP] Check Pods Manifest.lock */ = {
			isa = PBXShellScriptBuildPhase;
			buildActionMask = 2147483647;
			files = (
			);
			inputPaths = (
				"${PODS_PODFILE_DIR_PATH}/Podfile.lock",
				"${PODS_ROOT}/Manifest.lock",
			);
			name = "[CP] Check Pods Manifest.lock";
			outputPaths = (
				"$(DERIVED_FILE_DIR)/Pods-MIO LK-checkManifestLockResult.txt",
			);
			runOnlyForDeploymentPostprocessing = 0;
			shellPath = /bin/sh;
			shellScript = "diff \"${PODS_PODFILE_DIR_PATH}/Podfile.lock\" \"${PODS_ROOT}/Manifest.lock\" > /dev/null\nif [ $? != 0 ] ; then\n    # print error to STDERR\n    echo \"error: The sandbox is not in sync with the Podfile.lock. Run 'pod install' or update your CocoaPods installation.\" >&2\n    exit 1\nfi\n# This output is used by Xcode 'outputs' to avoid re-running this script phase.\necho \"SUCCESS\" > \"${SCRIPT_OUTPUT_FILE_0}\"\n";
			showEnvVarsInLog = 0;
		};
		D0C58590439307315F9BB535 /* [CP] Copy Pods Resources */ = {
			isa = PBXShellScriptBuildPhase;
			buildActionMask = 2147483647;
			files = (
			);
			inputPaths = (
				"${SRCROOT}/Pods/Target Support Files/Pods-MIO LK/Pods-MIO LK-resources.sh",
				"${PODS_ROOT}/GoogleMaps/Maps/Frameworks/GoogleMaps.framework/Resources/GoogleMaps.bundle",
				"${PODS_ROOT}/GooglePlaces/Frameworks/GooglePlaces.framework/Resources/GooglePlaces.bundle",
			);
			name = "[CP] Copy Pods Resources";
			outputPaths = (
				"${TARGET_BUILD_DIR}/${UNLOCALIZED_RESOURCES_FOLDER_PATH}/GoogleMaps.bundle",
				"${TARGET_BUILD_DIR}/${UNLOCALIZED_RESOURCES_FOLDER_PATH}/GooglePlaces.bundle",
			);
			runOnlyForDeploymentPostprocessing = 0;
			shellPath = /bin/sh;
			shellScript = "\"${SRCROOT}/Pods/Target Support Files/Pods-MIO LK/Pods-MIO LK-resources.sh\"\n";
			showEnvVarsInLog = 0;
		};
/* End PBXShellScriptBuildPhase section */

/* Begin PBXSourcesBuildPhase section */
		BAA7D00F20BD94BA00AFEA47 /* Sources */ = {
			isa = PBXSourcesBuildPhase;
			buildActionMask = 2147483647;
			files = (
				BA442D182111E15C00ABC2E5 /* classChats.swift in Sources */,
				BA73451620C56561003E28C8 /* payViewCell.swift in Sources */,
				BAA7D02D20BD9A0E00AFEA47 /* InitialViewController.swift in Sources */,
				BACA300C20C98F4000BA6C90 /* collection.swift in Sources */,
				BA73451020C53A44003E28C8 /* DocViewController.swift in Sources */,
				BAA7D02920BD956600AFEA47 /* classPayments.swift in Sources */,
				BAA7D03720BEB5D500AFEA47 /* taskManager.swift in Sources */,
				BA442D1221109F9D00ABC2E5 /* AuthViewController.swift in Sources */,
				BA442D162110B25900ABC2E5 /* switcher.swift in Sources */,
				BA38D23920C59EE60011ECC3 /* PayViewController.swift in Sources */,
				BACA300A20C989DE00BA6C90 /* docInChatViewCell.swift in Sources */,
				BACA300020C82C2C00BA6C90 /* chatReusableView.swift in Sources */,
				BACA300420C96C9800BA6C90 /* messageView.swift in Sources */,
				BA38D23B20C59F830011ECC3 /* forPaysViewCell.swift in Sources */,
				BAA7D03320BD9DC300AFEA47 /* BALabel.swift in Sources */,
				BA75BBE820DAC0A6006B03C6 /* NavigationViewController.swift in Sources */,
				BA38D23F20C6CE650011ECC3 /* settingReusableView.swift in Sources */,
				BA73451220C53AE4003E28C8 /* docViewCell.swift in Sources */,
				BA442D142110A00100ABC2E5 /* authView.swift in Sources */,
				BAA7D03120BD9D9700AFEA47 /* viewDocument.swift in Sources */,
				BA442D1A2111E3FF00ABC2E5 /* classMessages.swift in Sources */,
				BAA7D01720BD94BA00AFEA47 /* AppDelegate.swift in Sources */,
				BA442D1C2111F5A900ABC2E5 /* offlineView.swift in Sources */,
				BA38D23D20C5B66A0011ECC3 /* paymentCell.swift in Sources */,
				BAA7D03520BDA14100AFEA47 /* viewPayment.swift in Sources */,
				BA9897FC20CC0B4B002458FD /* FullPayViewController.swift in Sources */,
				BACA300820C983E400BA6C90 /* TabBarController.swift in Sources */,
				BACA300620C97C9700BA6C90 /* buttonView.swift in Sources */,
				BACA2FFE20C82C0D00BA6C90 /* chatViewCell.swift in Sources */,
				BA5A341C20D9561F001B6417 /* MapViewController.swift in Sources */,
				BACA300220C840DD00BA6C90 /* MessageViewController.swift in Sources */,
				BAA7D02B20BD96F700AFEA47 /* classDocuments.swift in Sources */,
				BACA2FFC20C82B4900BA6C90 /* SupportViewController.swift in Sources */,
				BAA7D03920BEE66A00AFEA47 /* classRequest.swift in Sources */,
			);
			runOnlyForDeploymentPostprocessing = 0;
		};
/* End PBXSourcesBuildPhase section */

/* Begin PBXVariantGroup section */
		BAA7D01A20BD94BA00AFEA47 /* Main.storyboard */ = {
			isa = PBXVariantGroup;
			children = (
				BAA7D01B20BD94BA00AFEA47 /* Base */,
			);
			name = Main.storyboard;
			sourceTree = "<group>";
		};
		BAA7D01F20BD94D200AFEA47 /* LaunchScreen.storyboard */ = {
			isa = PBXVariantGroup;
			children = (
				BAA7D02020BD94D200AFEA47 /* Base */,
			);
			name = LaunchScreen.storyboard;
			sourceTree = "<group>";
		};
/* End PBXVariantGroup section */

/* Begin XCBuildConfiguration section */
		BAA7D02320BD94D200AFEA47 /* Debug */ = {
			isa = XCBuildConfiguration;
			buildSettings = {
				ALWAYS_SEARCH_USER_PATHS = NO;
				CLANG_ANALYZER_NONNULL = YES;
				CLANG_ANALYZER_NUMBER_OBJECT_CONVERSION = YES_AGGRESSIVE;
				CLANG_CXX_LANGUAGE_STANDARD = "gnu++14";
				CLANG_CXX_LIBRARY = "libc++";
				CLANG_ENABLE_MODULES = YES;
				CLANG_ENABLE_OBJC_ARC = YES;
				CLANG_ENABLE_OBJC_WEAK = YES;
				CLANG_WARN_BLOCK_CAPTURE_AUTORELEASING = YES;
				CLANG_WARN_BOOL_CONVERSION = YES;
				CLANG_WARN_COMMA = YES;
				CLANG_WARN_CONSTANT_CONVERSION = YES;
				CLANG_WARN_DEPRECATED_OBJC_IMPLEMENTATIONS = YES;
				CLANG_WARN_DIRECT_OBJC_ISA_USAGE = YES_ERROR;
				CLANG_WARN_DOCUMENTATION_COMMENTS = YES;
				CLANG_WARN_EMPTY_BODY = YES;
				CLANG_WARN_ENUM_CONVERSION = YES;
				CLANG_WARN_INFINITE_RECURSION = YES;
				CLANG_WARN_INT_CONVERSION = YES;
				CLANG_WARN_NON_LITERAL_NULL_CONVERSION = YES;
				CLANG_WARN_OBJC_IMPLICIT_RETAIN_SELF = YES;
				CLANG_WARN_OBJC_LITERAL_CONVERSION = YES;
				CLANG_WARN_OBJC_ROOT_CLASS = YES_ERROR;
				CLANG_WARN_RANGE_LOOP_ANALYSIS = YES;
				CLANG_WARN_STRICT_PROTOTYPES = YES;
				CLANG_WARN_SUSPICIOUS_MOVE = YES;
				CLANG_WARN_UNGUARDED_AVAILABILITY = YES_AGGRESSIVE;
				CLANG_WARN_UNREACHABLE_CODE = YES;
				CLANG_WARN__DUPLICATE_METHOD_MATCH = YES;
				CODE_SIGN_IDENTITY = "iPhone Developer";
				COPY_PHASE_STRIP = NO;
				DEBUG_INFORMATION_FORMAT = dwarf;
				ENABLE_STRICT_OBJC_MSGSEND = YES;
				ENABLE_TESTABILITY = YES;
				GCC_C_LANGUAGE_STANDARD = gnu11;
				GCC_DYNAMIC_NO_PIC = NO;
				GCC_NO_COMMON_BLOCKS = YES;
				GCC_OPTIMIZATION_LEVEL = 0;
				GCC_PREPROCESSOR_DEFINITIONS = (
					"DEBUG=1",
					"$(inherited)",
				);
				GCC_WARN_64_TO_32_BIT_CONVERSION = YES;
				GCC_WARN_ABOUT_RETURN_TYPE = YES_ERROR;
				GCC_WARN_UNDECLARED_SELECTOR = YES;
				GCC_WARN_UNINITIALIZED_AUTOS = YES_AGGRESSIVE;
				GCC_WARN_UNUSED_FUNCTION = YES;
				GCC_WARN_UNUSED_VARIABLE = YES;
				IPHONEOS_DEPLOYMENT_TARGET = 11.3;
				MTL_ENABLE_DEBUG_INFO = YES;
				ONLY_ACTIVE_ARCH = YES;
				SDKROOT = iphoneos;
				SWIFT_ACTIVE_COMPILATION_CONDITIONS = DEBUG;
				SWIFT_OPTIMIZATION_LEVEL = "-Onone";
			};
			name = Debug;
		};
		BAA7D02420BD94D200AFEA47 /* Release */ = {
			isa = XCBuildConfiguration;
			buildSettings = {
				ALWAYS_SEARCH_USER_PATHS = NO;
				CLANG_ANALYZER_NONNULL = YES;
				CLANG_ANALYZER_NUMBER_OBJECT_CONVERSION = YES_AGGRESSIVE;
				CLANG_CXX_LANGUAGE_STANDARD = "gnu++14";
				CLANG_CXX_LIBRARY = "libc++";
				CLANG_ENABLE_MODULES = YES;
				CLANG_ENABLE_OBJC_ARC = YES;
				CLANG_ENABLE_OBJC_WEAK = YES;
				CLANG_WARN_BLOCK_CAPTURE_AUTORELEASING = YES;
				CLANG_WARN_BOOL_CONVERSION = YES;
				CLANG_WARN_COMMA = YES;
				CLANG_WARN_CONSTANT_CONVERSION = YES;
				CLANG_WARN_DEPRECATED_OBJC_IMPLEMENTATIONS = YES;
				CLANG_WARN_DIRECT_OBJC_ISA_USAGE = YES_ERROR;
				CLANG_WARN_DOCUMENTATION_COMMENTS = YES;
				CLANG_WARN_EMPTY_BODY = YES;
				CLANG_WARN_ENUM_CONVERSION = YES;
				CLANG_WARN_INFINITE_RECURSION = YES;
				CLANG_WARN_INT_CONVERSION = YES;
				CLANG_WARN_NON_LITERAL_NULL_CONVERSION = YES;
				CLANG_WARN_OBJC_IMPLICIT_RETAIN_SELF = YES;
				CLANG_WARN_OBJC_LITERAL_CONVERSION = YES;
				CLANG_WARN_OBJC_ROOT_CLASS = YES_ERROR;
				CLANG_WARN_RANGE_LOOP_ANALYSIS = YES;
				CLANG_WARN_STRICT_PROTOTYPES = YES;
				CLANG_WARN_SUSPICIOUS_MOVE = YES;
				CLANG_WARN_UNGUARDED_AVAILABILITY = YES_AGGRESSIVE;
				CLANG_WARN_UNREACHABLE_CODE = YES;
				CLANG_WARN__DUPLICATE_METHOD_MATCH = YES;
				CODE_SIGN_IDENTITY = "iPhone Developer";
				COPY_PHASE_STRIP = NO;
				DEBUG_INFORMATION_FORMAT = "dwarf-with-dsym";
				ENABLE_NS_ASSERTIONS = NO;
				ENABLE_STRICT_OBJC_MSGSEND = YES;
				GCC_C_LANGUAGE_STANDARD = gnu11;
				GCC_NO_COMMON_BLOCKS = YES;
				GCC_WARN_64_TO_32_BIT_CONVERSION = YES;
				GCC_WARN_ABOUT_RETURN_TYPE = YES_ERROR;
				GCC_WARN_UNDECLARED_SELECTOR = YES;
				GCC_WARN_UNINITIALIZED_AUTOS = YES_AGGRESSIVE;
				GCC_WARN_UNUSED_FUNCTION = YES;
				GCC_WARN_UNUSED_VARIABLE = YES;
				IPHONEOS_DEPLOYMENT_TARGET = 11.3;
				MTL_ENABLE_DEBUG_INFO = NO;
				SDKROOT = iphoneos;
				SWIFT_COMPILATION_MODE = wholemodule;
				SWIFT_OPTIMIZATION_LEVEL = "-O";
				VALIDATE_PRODUCT = YES;
			};
			name = Release;
		};
		BAA7D02620BD94D200AFEA47 /* Debug */ = {
			isa = XCBuildConfiguration;
			baseConfigurationReference = CE8697903662023FD0CC91D1 /* Pods-MIO LK.debug.xcconfig */;
			buildSettings = {
				ASSETCATALOG_COMPILER_APPICON_NAME = "AppIcon-1";
				CODE_SIGN_IDENTITY = "iPhone Developer";
				CODE_SIGN_STYLE = Automatic;
				DEVELOPMENT_TEAM = 4693P6HLX4;
				INFOPLIST_FILE = "MIO LK/Info.plist";
				IPHONEOS_DEPLOYMENT_TARGET = 11.0;
				LD_RUNPATH_SEARCH_PATHS = (
					"$(inherited)",
					"@executable_path/Frameworks",
				);
				PRODUCT_BUNDLE_IDENTIFIER = MIO;
				PRODUCT_NAME = "$(TARGET_NAME)";
				PROVISIONING_PROFILE = "";
				PROVISIONING_PROFILE_SPECIFIER = "";
				SWIFT_VERSION = 4.0;
				TARGETED_DEVICE_FAMILY = 1;
			};
			name = Debug;
		};
		BAA7D02720BD94D200AFEA47 /* Release */ = {
			isa = XCBuildConfiguration;
			baseConfigurationReference = 75DBCCD35962EDEAEB19D1CD /* Pods-MIO LK.release.xcconfig */;
			buildSettings = {
				ASSETCATALOG_COMPILER_APPICON_NAME = "AppIcon-1";
				CODE_SIGN_IDENTITY = "iPhone Developer";
				CODE_SIGN_STYLE = Automatic;
				DEVELOPMENT_TEAM = 4693P6HLX4;
				INFOPLIST_FILE = "MIO LK/Info.plist";
				IPHONEOS_DEPLOYMENT_TARGET = 11.0;
				LD_RUNPATH_SEARCH_PATHS = (
					"$(inherited)",
					"@executable_path/Frameworks",
				);
				PRODUCT_BUNDLE_IDENTIFIER = MIO;
				PRODUCT_NAME = "$(TARGET_NAME)";
				PROVISIONING_PROFILE = "";
				PROVISIONING_PROFILE_SPECIFIER = "";
				SWIFT_VERSION = 4.0;
				TARGETED_DEVICE_FAMILY = 1;
			};
			name = Release;
		};
/* End XCBuildConfiguration section */

/* Begin XCConfigurationList section */
		BAA7D00E20BD94BA00AFEA47 /* Build configuration list for PBXProject "MIO LK" */ = {
			isa = XCConfigurationList;
			buildConfigurations = (
				BAA7D02320BD94D200AFEA47 /* Debug */,
				BAA7D02420BD94D200AFEA47 /* Release */,
			);
			defaultConfigurationIsVisible = 0;
			defaultConfigurationName = Release;
		};
		BAA7D02520BD94D200AFEA47 /* Build configuration list for PBXNativeTarget "MIO LK" */ = {
			isa = XCConfigurationList;
			buildConfigurations = (
				BAA7D02620BD94D200AFEA47 /* Debug */,
				BAA7D02720BD94D200AFEA47 /* Release */,
			);
			defaultConfigurationIsVisible = 0;
			defaultConfigurationName = Release;
		};
/* End XCConfigurationList section */
	};
	rootObject = BAA7D00B20BD94BA00AFEA47 /* Project object */;
}
